
Microsoft Visual Studio Solution File, Format Version 12.00
# Visual Studio Version 17
VisualStudioVersion = 17.1.32328.378
MinimumVisualStudioVersion = 10.0.40219.1
Project("{9A19103F-16F7-4668-BE54-9A1E7A4F7556}") = "Jukebox-MPA-ASP.NET", "Jukebox-MPA-ASP.NET\Jukebox-MPA-ASP.NET.csproj", "{BE25A57B-C28D-421D-B0A3-93FCE3D6DA32}"
EndProject
Project("{2150E333-8FDC-42A3-9474-1A3956D46DE8}") = "Solution Items", "Solution Items", "{0184BFBC-1AED-4ACC-AC53-8FAB9E51D10A}"
	ProjectSection(SolutionItems) = preProject
		.editorconfig = .editorconfig
	EndProjectSection
EndProject
Global
	GlobalSection(SolutionConfigurationPlatforms) = preSolution
		Debug|Any CPU = Debug|Any CPU
		Release|Any CPU = Release|Any CPU
	EndGlobalSection
	GlobalSection(ProjectConfigurationPlatforms) = postSolution
		{BE25A57B-C28D-421D-B0A3-93FCE3D6DA32}.Debug|Any CPU.ActiveCfg = Debug|Any CPU
		{BE25A57B-C28D-421D-B0A3-93FCE3D6DA32}.Debug|Any CPU.Build.0 = Debug|Any CPU
		{BE25A57B-C28D-421D-B0A3-93FCE3D6DA32}.Release|Any CPU.ActiveCfg = Release|Any CPU
		{BE25A57B-C28D-421D-B0A3-93FCE3D6DA32}.Release|Any CPU.Build.0 = Release|Any CPU
	EndGlobalSection
	GlobalSection(SolutionProperties) = preSolution
		HideSolutionNode = FALSE
	EndGlobalSection
	GlobalSection(ExtensibilityGlobals) = postSolution
		SolutionGuid = {0FF8DACA-C784-47C9-BDDB-CE34607BE537}
	EndGlobalSection
EndGlobal
